
Microsoft Visual Studio Solution File, Format Version 12.00
# Visual Studio Version 16
VisualStudioVersion = 16.0.30309.148
MinimumVisualStudioVersion = 10.0.40219.1
Project("{2150E333-8FDC-42A3-9474-1A3956D46DE8}") = "01 - Core", "01 - Core", "{FCE38E34-47D0-4E63-8F5A-B24BF53D4025}"
EndProject
Project("{9A19103F-16F7-4668-BE54-9A1E7A4F7556}") = "Epos.Core", "Epos.Core\Epos.Core.csproj", "{D7986C3F-0354-4034-AD61-6A509699456E}"
EndProject
Project("{2150E333-8FDC-42A3-9474-1A3956D46DE8}") = "02 - Infrastructure", "02 - Infrastructure", "{6B768ACE-398E-400F-80CD-1849794D1311}"
EndProject
Project("{2150E333-8FDC-42A3-9474-1A3956D46DE8}") = "Domain", "Domain", "{7C7091D1-9CC9-4625-9CA5-A1F9F9E04402}"
EndProject
Project("{9A19103F-16F7-4668-BE54-9A1E7A4F7556}") = "Epos.Domain.Entity", "Epos.Domain.Entity\Epos.Domain.Entity.csproj", "{ABDE1F45-D652-46A0-AFA9-5821AB9DBD41}"
EndProject
Project("{9A19103F-16F7-4668-BE54-9A1E7A4F7556}") = "Epos.Domain.Map", "Epos.Domain.Map\Epos.Domain.Map.csproj", "{4060A443-219B-4FCA-B202-E4ED850B1CE0}"
EndProject
Project("{9A19103F-16F7-4668-BE54-9A1E7A4F7556}") = "Epos.Domain.DTO", "Epos.Domain.DTO\Epos.Domain.DTO.csproj", "{B07704FC-5C5B-4522-8D97-262E5EBC9EF0}"
EndProject
Project("{2150E333-8FDC-42A3-9474-1A3956D46DE8}") = "03 - Application", "03 - Application", "{F89BE364-762E-49AA-8CCB-1B8C327E7660}"
EndProject
Project("{9A19103F-16F7-4668-BE54-9A1E7A4F7556}") = "Epos.Infrastructure.Database", "Epos.Infrastructure.Database\Epos.Infrastructure.Database.csproj", "{0514222D-069D-4B1E-9B10-54DFD33ADD2C}"
EndProject
Project("{2150E333-8FDC-42A3-9474-1A3956D46DE8}") = "04 - Presentation", "04 - Presentation", "{403A62CE-AF20-4C88-850A-938FCCE7E9F6}"
EndProject
Project("{2150E333-8FDC-42A3-9474-1A3956D46DE8}") = "Service", "Service", "{7501C2D7-3A9A-4DC4-A1E7-E3C2F306016A}"
EndProject
Project("{FAE04EC0-301F-11D3-BF4B-00C04F79EFBC}") = "Epos.Service", "Epos.Service\Epos.Service.csproj", "{33F91EA4-B40D-4AAF-BD4B-AA6FD6CD2019}"
EndProject
Project("{2150E333-8FDC-42A3-9474-1A3956D46DE8}") = "Repository", "Repository", "{4B5CCDE9-968F-44F4-8EB3-19C95DA3E030}"
EndProject
Project("{FAE04EC0-301F-11D3-BF4B-00C04F79EFBC}") = "Epos.Repository", "Epos.Repository\Epos.Repository.csproj", "{3C68F66E-667A-46E8-858A-05B891A1F9F5}"
EndProject
Project("{FAE04EC0-301F-11D3-BF4B-00C04F79EFBC}") = "Epos.Api", "Epos.Api\Epos.Api.csproj", "{B8693253-B90E-4EF2-A349-C686AB8A60D6}"
EndProject
Global
	GlobalSection(SolutionConfigurationPlatforms) = preSolution
		Debug|Any CPU = Debug|Any CPU
		Release|Any CPU = Release|Any CPU
	EndGlobalSection
	GlobalSection(ProjectConfigurationPlatforms) = postSolution
		{D7986C3F-0354-4034-AD61-6A509699456E}.Debug|Any CPU.ActiveCfg = Debug|Any CPU
		{D7986C3F-0354-4034-AD61-6A509699456E}.Debug|Any CPU.Build.0 = Debug|Any CPU
		{D7986C3F-0354-4034-AD61-6A509699456E}.Release|Any CPU.ActiveCfg = Release|Any CPU
		{D7986C3F-0354-4034-AD61-6A509699456E}.Release|Any CPU.Build.0 = Release|Any CPU
		{ABDE1F45-D652-46A0-AFA9-5821AB9DBD41}.Debug|Any CPU.ActiveCfg = Debug|Any CPU
		{ABDE1F45-D652-46A0-AFA9-5821AB9DBD41}.Debug|Any CPU.Build.0 = Debug|Any CPU
		{ABDE1F45-D652-46A0-AFA9-5821AB9DBD41}.Release|Any CPU.ActiveCfg = Release|Any CPU
		{ABDE1F45-D652-46A0-AFA9-5821AB9DBD41}.Release|Any CPU.Build.0 = Release|Any CPU
		{4060A443-219B-4FCA-B202-E4ED850B1CE0}.Debug|Any CPU.ActiveCfg = Debug|Any CPU
		{4060A443-219B-4FCA-B202-E4ED850B1CE0}.Debug|Any CPU.Build.0 = Debug|Any CPU
		{4060A443-219B-4FCA-B202-E4ED850B1CE0}.Release|Any CPU.ActiveCfg = Release|Any CPU
		{4060A443-219B-4FCA-B202-E4ED850B1CE0}.Release|Any CPU.Build.0 = Release|Any CPU
		{B07704FC-5C5B-4522-8D97-262E5EBC9EF0}.Debug|Any CPU.ActiveCfg = Debug|Any CPU
		{B07704FC-5C5B-4522-8D97-262E5EBC9EF0}.Debug|Any CPU.Build.0 = Debug|Any CPU
		{B07704FC-5C5B-4522-8D97-262E5EBC9EF0}.Release|Any CPU.ActiveCfg = Release|Any CPU
		{B07704FC-5C5B-4522-8D97-262E5EBC9EF0}.Release|Any CPU.Build.0 = Release|Any CPU
		{0514222D-069D-4B1E-9B10-54DFD33ADD2C}.Debug|Any CPU.ActiveCfg = Debug|Any CPU
		{0514222D-069D-4B1E-9B10-54DFD33ADD2C}.Debug|Any CPU.Build.0 = Debug|Any CPU
		{0514222D-069D-4B1E-9B10-54DFD33ADD2C}.Release|Any CPU.ActiveCfg = Release|Any CPU
		{0514222D-069D-4B1E-9B10-54DFD33ADD2C}.Release|Any CPU.Build.0 = Release|Any CPU
		{33F91EA4-B40D-4AAF-BD4B-AA6FD6CD2019}.Debug|Any CPU.ActiveCfg = Debug|Any CPU
		{33F91EA4-B40D-4AAF-BD4B-AA6FD6CD2019}.Debug|Any CPU.Build.0 = Debug|Any CPU
		{33F91EA4-B40D-4AAF-BD4B-AA6FD6CD2019}.Release|Any CPU.ActiveCfg = Release|Any CPU
		{33F91EA4-B40D-4AAF-BD4B-AA6FD6CD2019}.Release|Any CPU.Build.0 = Release|Any CPU
		{3C68F66E-667A-46E8-858A-05B891A1F9F5}.Debug|Any CPU.ActiveCfg = Debug|Any CPU
		{3C68F66E-667A-46E8-858A-05B891A1F9F5}.Debug|Any CPU.Build.0 = Debug|Any CPU
		{3C68F66E-667A-46E8-858A-05B891A1F9F5}.Release|Any CPU.ActiveCfg = Release|Any CPU
		{3C68F66E-667A-46E8-858A-05B891A1F9F5}.Release|Any CPU.Build.0 = Release|Any CPU
		{B8693253-B90E-4EF2-A349-C686AB8A60D6}.Debug|Any CPU.ActiveCfg = Debug|Any CPU
		{B8693253-B90E-4EF2-A349-C686AB8A60D6}.Debug|Any CPU.Build.0 = Debug|Any CPU
		{B8693253-B90E-4EF2-A349-C686AB8A60D6}.Release|Any CPU.ActiveCfg = Release|Any CPU
		{B8693253-B90E-4EF2-A349-C686AB8A60D6}.Release|Any CPU.Build.0 = Release|Any CPU
	EndGlobalSection
	GlobalSection(SolutionProperties) = preSolution
		HideSolutionNode = FALSE
	EndGlobalSection
	GlobalSection(NestedProjects) = preSolution
		{D7986C3F-0354-4034-AD61-6A509699456E} = {FCE38E34-47D0-4E63-8F5A-B24BF53D4025}
		{7C7091D1-9CC9-4625-9CA5-A1F9F9E04402} = {F89BE364-762E-49AA-8CCB-1B8C327E7660}
		{ABDE1F45-D652-46A0-AFA9-5821AB9DBD41} = {7C7091D1-9CC9-4625-9CA5-A1F9F9E04402}
		{4060A443-219B-4FCA-B202-E4ED850B1CE0} = {7C7091D1-9CC9-4625-9CA5-A1F9F9E04402}
		{B07704FC-5C5B-4522-8D97-262E5EBC9EF0} = {7C7091D1-9CC9-4625-9CA5-A1F9F9E04402}
		{0514222D-069D-4B1E-9B10-54DFD33ADD2C} = {6B768ACE-398E-400F-80CD-1849794D1311}
		{7501C2D7-3A9A-4DC4-A1E7-E3C2F306016A} = {F89BE364-762E-49AA-8CCB-1B8C327E7660}
		{33F91EA4-B40D-4AAF-BD4B-AA6FD6CD2019} = {7501C2D7-3A9A-4DC4-A1E7-E3C2F306016A}
		{4B5CCDE9-968F-44F4-8EB3-19C95DA3E030} = {F89BE364-762E-49AA-8CCB-1B8C327E7660}
		{3C68F66E-667A-46E8-858A-05B891A1F9F5} = {4B5CCDE9-968F-44F4-8EB3-19C95DA3E030}
		{B8693253-B90E-4EF2-A349-C686AB8A60D6} = {403A62CE-AF20-4C88-850A-938FCCE7E9F6}
	EndGlobalSection
	GlobalSection(ExtensibilityGlobals) = postSolution
		SolutionGuid = {ECEA0744-4C2B-494C-8CA1-420525285ED7}
	EndGlobalSection
EndGlobal
